PODS:
  - B_Category (0.0.3):
    - CTMediator
  - CTMediator (46)
  - HandyFrame (1.2.0)

DEPENDENCIES:
  - B_Category (from `../../B_Category`)
  - HandyFrame

SPEC REPOS:
  https://mirrors.tuna.tsinghua.edu.cn/git/CocoaPods/Specs.git:
    - CTMediator
    - HandyFrame

EXTERNAL SOURCES:
  B_Category:
    :path: "../../B_Category"

SPEC CHECKSUMS:
  B_Category: b7e909dec1db9d9ad651bbbb7720d368a9da0bda
  CTMediator: f1cf58d509fb3192086c367711f039efd769b907
  HandyFrame: 437df83ba7563c56cd55b9bd0128561995463110

PODFILE CHECKSUM: 05f562784ca6d261627b064f18747df5b46a4e7e

COCOAPODS: 1.11.3
